
Microsoft Visual Studio Solution File, Format Version 12.00
# Visual Studio Version 17
VisualStudioVersion = 17.1.32319.34
MinimumVisualStudioVersion = 10.0.40219.1
Project("{FAE04EC0-301F-11D3-BF4B-00C04F79EFBC}") = "DecoratorPattern", "DecoratorPattern.csproj", "{07807489-B07C-4A5C-8B2D-D1F920C41A3A}"
EndProject
Global
	GlobalSection(SolutionConfigurationPlatforms) = preSolution
		Debug|Any CPU = Debug|Any CPU
		Release|Any CPU = Release|Any CPU
	EndGlobalSection
	GlobalSection(ProjectConfigurationPlatforms) = postSolution
		{07807489-B07C-4A5C-8B2D-D1F920C41A3A}.Debug|Any CPU.ActiveCfg = Debug|Any CPU
		{07807489-B07C-4A5C-8B2D-D1F920C41A3A}.Debug|Any CPU.Build.0 = Debug|Any CPU
		{07807489-B07C-4A5C-8B2D-D1F920C41A3A}.Release|Any CPU.ActiveCfg = Release|Any CPU
		{07807489-B07C-4A5C-8B2D-D1F920C41A3A}.Release|Any CPU.Build.0 = Release|Any CPU
	EndGlobalSection
	GlobalSection(SolutionProperties) = preSolution
		HideSolutionNode = FALSE
	EndGlobalSection
	GlobalSection(ExtensibilityGlobals) = postSolution
		SolutionGuid = {9BDA8444-00C7-40F0-A299-2BDEE86AF1F3}
	EndGlobalSection
EndGlobal
