
Microsoft Visual Studio Solution File, Format Version 12.00
# Visual Studio Version 17
VisualStudioVersion = 17.1.32319.34
MinimumVisualStudioVersion = 10.0.40219.1
Project("{FAE04EC0-301F-11D3-BF4B-00C04F79EFBC}") = "FlyWeightPattern", "FlyWeightPattern.csproj", "{0263E205-E20F-4701-B99C-716BF8040189}"
EndProject
Global
	GlobalSection(SolutionConfigurationPlatforms) = preSolution
		Debug|Any CPU = Debug|Any CPU
		Release|Any CPU = Release|Any CPU
	EndGlobalSection
	GlobalSection(ProjectConfigurationPlatforms) = postSolution
		{0263E205-E20F-4701-B99C-716BF8040189}.Debug|Any CPU.ActiveCfg = Debug|Any CPU
		{0263E205-E20F-4701-B99C-716BF8040189}.Debug|Any CPU.Build.0 = Debug|Any CPU
		{0263E205-E20F-4701-B99C-716BF8040189}.Release|Any CPU.ActiveCfg = Release|Any CPU
		{0263E205-E20F-4701-B99C-716BF8040189}.Release|Any CPU.Build.0 = Release|Any CPU
	EndGlobalSection
	GlobalSection(SolutionProperties) = preSolution
		HideSolutionNode = FALSE
	EndGlobalSection
	GlobalSection(ExtensibilityGlobals) = postSolution
		SolutionGuid = {B30DE690-D762-4190-AC37-69521C791F72}
	EndGlobalSection
EndGlobal
